
Microsoft Visual Studio Solution File, Format Version 12.00
# Visual Studio Version 16
VisualStudioVersion = 16.0.29519.87
MinimumVisualStudioVersion = 10.0.40219.1
Project("{8BC9CEB8-8B4A-11D0-8D11-00A0C91BC942}") = "Linklist_for_leetcode_datastructure", "Linklist_for_leetcode_datastructure\Linklist_for_leetcode_datastructure.vcxproj", "{3E7FDDBB-9A4D-434C-9569-48F54A04029D}"
EndProject
Global
	GlobalSection(SolutionConfigurationPlatforms) = preSolution
		Debug|x64 = Debug|x64
		Debug|x86 = Debug|x86
		Release|x64 = Release|x64
		Release|x86 = Release|x86
	EndGlobalSection
	GlobalSection(ProjectConfigurationPlatforms) = postSolution
		{3E7FDDBB-9A4D-434C-9569-48F54A04029D}.Debug|x64.ActiveCfg = Debug|x64
		{3E7FDDBB-9A4D-434C-9569-48F54A04029D}.Debug|x64.Build.0 = Debug|x64
		{3E7FDDBB-9A4D-434C-9569-48F54A04029D}.Debug|x86.ActiveCfg = Debug|Win32
		{3E7FDDBB-9A4D-434C-9569-48F54A04029D}.Debug|x86.Build.0 = Debug|Win32
		{3E7FDDBB-9A4D-434C-9569-48F54A04029D}.Release|x64.ActiveCfg = Release|x64
		{3E7FDDBB-9A4D-434C-9569-48F54A04029D}.Release|x64.Build.0 = Release|x64
		{3E7FDDBB-9A4D-434C-9569-48F54A04029D}.Release|x86.ActiveCfg = Release|Win32
		{3E7FDDBB-9A4D-434C-9569-48F54A04029D}.Release|x86.Build.0 = Release|Win32
	EndGlobalSection
	GlobalSection(SolutionProperties) = preSolution
		HideSolutionNode = FALSE
	EndGlobalSection
	GlobalSection(ExtensibilityGlobals) = postSolution
		SolutionGuid = {A689B8AF-4862-4493-881A-0B17BEB305FF}
	EndGlobalSection
EndGlobal
